
Microsoft Visual Studio Solution File, Format Version 12.00
# Visual Studio Version 16
VisualStudioVersion = 16.0.30517.126
MinimumVisualStudioVersion = 10.0.40219.1
Project("{FAE04EC0-301F-11D3-BF4B-00C04F79EFBC}") = "登录页面", "登录页面.csproj", "{DA7B9599-A99E-4BE8-848F-E074FFC8109C}"
EndProject
Project("{FAE04EC0-301F-11D3-BF4B-00C04F79EFBC}") = "NLECloudSDK", "..\CSharp-SDK-master\NLECloudSDK\NLECloudSDK.csproj", "{0B6DD2C3-3322-469A-A272-FD744B05B7EE}"
EndProject
Global
	GlobalSection(SolutionConfigurationPlatforms) = preSolution
		Debug|Any CPU = Debug|Any CPU
		Release|Any CPU = Release|Any CPU
	EndGlobalSection
	GlobalSection(ProjectConfigurationPlatforms) = postSolution
		{DA7B9599-A99E-4BE8-848F-E074FFC8109C}.Debug|Any CPU.ActiveCfg = Debug|Any CPU
		{DA7B9599-A99E-4BE8-848F-E074FFC8109C}.Debug|Any CPU.Build.0 = Debug|Any CPU
		{DA7B9599-A99E-4BE8-848F-E074FFC8109C}.Release|Any CPU.ActiveCfg = Release|Any CPU
		{DA7B9599-A99E-4BE8-848F-E074FFC8109C}.Release|Any CPU.Build.0 = Release|Any CPU
		{0B6DD2C3-3322-469A-A272-FD744B05B7EE}.Debug|Any CPU.ActiveCfg = Debug|Any CPU
		{0B6DD2C3-3322-469A-A272-FD744B05B7EE}.Debug|Any CPU.Build.0 = Debug|Any CPU
		{0B6DD2C3-3322-469A-A272-FD744B05B7EE}.Release|Any CPU.ActiveCfg = Release|Any CPU
		{0B6DD2C3-3322-469A-A272-FD744B05B7EE}.Release|Any CPU.Build.0 = Release|Any CPU
	EndGlobalSection
	GlobalSection(SolutionProperties) = preSolution
		HideSolutionNode = FALSE
	EndGlobalSection
	GlobalSection(ExtensibilityGlobals) = postSolution
		SolutionGuid = {D33A2E96-E0AA-498A-8AA2-1707BE6F582E}
	EndGlobalSection
EndGlobal
